
Microsoft Visual Studio Solution File, Format Version 12.00
# Visual Studio 2012
Project("{FAE04EC0-301F-11D3-BF4B-00C04F79EFBC}") = "MemTrace", "MemTrace\MemTrace.csproj", "{2E43CDC0-AC81-4172-85E7-4126EED64656}"
EndProject
Project("{FAE04EC0-301F-11D3-BF4B-00C04F79EFBC}") = "MemTraceTool", "MemTraceTool\MemTraceTool.csproj", "{2FBF023A-ACDB-4526-AEBF-8C72FFC40E9A}"
EndProject
Project("{FAE04EC0-301F-11D3-BF4B-00C04F79EFBC}") = "MemTraceWidgets", "MemTraceWidgets\MemTraceWidgets.csproj", "{DE94B6DF-8E75-4623-A12C-BE2A1756A128}"
EndProject
Global
	GlobalSection(SolutionConfigurationPlatforms) = preSolution
		Debug|Any CPU = Debug|Any CPU
		Release|Any CPU = Release|Any CPU
	EndGlobalSection
	GlobalSection(ProjectConfigurationPlatforms) = postSolution
		{2E43CDC0-AC81-4172-85E7-4126EED64656}.Debug|Any CPU.ActiveCfg = Debug|Any CPU
		{2E43CDC0-AC81-4172-85E7-4126EED64656}.Debug|Any CPU.Build.0 = Debug|Any CPU
		{2E43CDC0-AC81-4172-85E7-4126EED64656}.Release|Any CPU.ActiveCfg = Release|Any CPU
		{2E43CDC0-AC81-4172-85E7-4126EED64656}.Release|Any CPU.Build.0 = Release|Any CPU
		{2FBF023A-ACDB-4526-AEBF-8C72FFC40E9A}.Debug|Any CPU.ActiveCfg = Debug|Any CPU
		{2FBF023A-ACDB-4526-AEBF-8C72FFC40E9A}.Debug|Any CPU.Build.0 = Debug|Any CPU
		{2FBF023A-ACDB-4526-AEBF-8C72FFC40E9A}.Release|Any CPU.ActiveCfg = Release|Any CPU
		{2FBF023A-ACDB-4526-AEBF-8C72FFC40E9A}.Release|Any CPU.Build.0 = Release|Any CPU
		{DE94B6DF-8E75-4623-A12C-BE2A1756A128}.Debug|Any CPU.ActiveCfg = Debug|Any CPU
		{DE94B6DF-8E75-4623-A12C-BE2A1756A128}.Debug|Any CPU.Build.0 = Debug|Any CPU
		{DE94B6DF-8E75-4623-A12C-BE2A1756A128}.Release|Any CPU.ActiveCfg = Release|Any CPU
		{DE94B6DF-8E75-4623-A12C-BE2A1756A128}.Release|Any CPU.Build.0 = Release|Any CPU
	EndGlobalSection
	GlobalSection(SolutionProperties) = preSolution
		HideSolutionNode = FALSE
	EndGlobalSection
EndGlobal
